// !$*UTF8*$!
{
	archiveVersion = 1;
	classes = {
	};
	objectVersion = 56;
	objects = {

/* Begin PBXBuildFile section */
		3C1166B92BA591E000C3AD21 /* AIchat.swift in Sources */ = {isa = PBXBuildFile; fileRef = 3C1166B82BA591E000C3AD21 /* AIchat.swift */; };
		3C1166BB2BA592AD00C3AD21 /* UserAuth.swift in Sources */ = {isa = PBXBuildFile; fileRef = 3C1166BA2BA592AD00C3AD21 /* UserAuth.swift */; };
		3C1166BD2BA59BE000C3AD21 /* UserProfile.swift in Sources */ = {isa = PBXBuildFile; fileRef = 3C1166BC2BA59BE000C3AD21 /* UserProfile.swift */; };
		3C1166BF2BA5A26C00C3AD21 /* AssignmentsView.swift in Sources */ = {isa = PBXBuildFile; fileRef = 3C1166BE2BA5A26C00C3AD21 /* AssignmentsView.swift */; };
		3C450D292B98E7CE00CF4843 /* studaiApp.swift in Sources */ = {isa = PBXBuildFile; fileRef = 3C450D282B98E7CE00CF4843 /* studaiApp.swift */; };
		3C450D2B2B98E7CE00CF4843 /* ContentView.swift in Sources */ = {isa = PBXBuildFile; fileRef = 3C450D2A2B98E7CE00CF4843 /* ContentView.swift */; };
		3C450D2D2B98E7CE00CF4843 /* Item.swift in Sources */ = {isa = PBXBuildFile; fileRef = 3C450D2C2B98E7CE00CF4843 /* Item.swift */; };
		3C450D2F2B98E7CF00CF4843 /* Assets.xcassets in Resources */ = {isa = PBXBuildFile; fileRef = 3C450D2E2B98E7CF00CF4843 /* Assets.xcassets */; };
		3C450D322B98E7CF00CF4843 /* Preview Assets.xcassets in Resources */ = {isa = PBXBuildFile; fileRef = 3C450D312B98E7CF00CF4843 /* Preview Assets.xcassets */; };
		3C5733BD2B990B4900A17EF7 /* Message.swift in Sources */ = {isa = PBXBuildFile; fileRef = 3C5733BC2B990B4900A17EF7 /* Message.swift */; };
		3C5733C02B990B7300A17EF7 /* OpenAIConnection.swift in Sources */ = {isa = PBXBuildFile; fileRef = 3C5733BF2B990B7300A17EF7 /* OpenAIConnection.swift */; };
		3C5733C52B9912E200A17EF7 /* RegisterUser.swift in Sources */ = {isa = PBXBuildFile; fileRef = 3C5733C42B9912E200A17EF7 /* RegisterUser.swift */; };
		3C5733C82B991DE700A17EF7 /* GoogleService-Info.plist in Resources */ = {isa = PBXBuildFile; fileRef = 3C5733C72B991DE700A17EF7 /* GoogleService-Info.plist */; };
		3C5733CB2B991E5500A17EF7 /* FirebaseAnalytics in Frameworks */ = {isa = PBXBuildFile; productRef = 3C5733CA2B991E5500A17EF7 /* FirebaseAnalytics */; };
		3C5733CD2B991E5500A17EF7 /* FirebaseAnalyticsOnDeviceConversion in Frameworks */ = {isa = PBXBuildFile; productRef = 3C5733CC2B991E5500A17EF7 /* FirebaseAnalyticsOnDeviceConversion */; };
		3C5733CF2B991E5500A17EF7 /* FirebaseAnalyticsSwift in Frameworks */ = {isa = PBXBuildFile; productRef = 3C5733CE2B991E5500A17EF7 /* FirebaseAnalyticsSwift */; };
		3C5733D12B991E5500A17EF7 /* FirebaseAnalyticsWithoutAdIdSupport in Frameworks */ = {isa = PBXBuildFile; productRef = 3C5733D02B991E5500A17EF7 /* FirebaseAnalyticsWithoutAdIdSupport */; };
		3C5733D32B991E5500A17EF7 /* FirebaseAppCheck in Frameworks */ = {isa = PBXBuildFile; productRef = 3C5733D22B991E5500A17EF7 /* FirebaseAppCheck */; };
		3CE48F162B98F39B007177CA /* OpenAI in Frameworks */ = {isa = PBXBuildFile; productRef = 3CE48F152B98F39B007177CA /* OpenAI */; };
/* End PBXBuildFile section */

/* Begin PBXFileReference section */
		3C1166B82BA591E000C3AD21 /* AIchat.swift */ = {isa = PBXFileReference; lastKnownFileType = sourcecode.swift; path = AIchat.swift; sourceTree = "<group>"; };
		3C1166BA2BA592AD00C3AD21 /* UserAuth.swift */ = {isa = PBXFileReference; lastKnownFileType = sourcecode.swift; path = UserAuth.swift; sourceTree = "<group>"; };
		3C1166BC2BA59BE000C3AD21 /* UserProfile.swift */ = {isa = PBXFileReference; lastKnownFileType = sourcecode.swift; path = UserProfile.swift; sourceTree = "<group>"; };
		3C1166BE2BA5A26C00C3AD21 /* AssignmentsView.swift */ = {isa = PBXFileReference; lastKnownFileType = sourcecode.swift; path = AssignmentsView.swift; sourceTree = "<group>"; };
		3C450D252B98E7CE00CF4843 /* studai.app */ = {isa = PBXFileReference; explicitFileType = wrapper.application; includeInIndex = 0; path = studai.app; sourceTree = BUILT_PRODUCTS_DIR; };
		3C450D282B98E7CE00CF4843 /* studaiApp.swift */ = {isa = PBXFileReference; lastKnownFileType = sourcecode.swift; path = studaiApp.swift; sourceTree = "<group>"; };
		3C450D2A2B98E7CE00CF4843 /* ContentView.swift */ = {isa = PBXFileReference; lastKnownFileType = sourcecode.swift; path = ContentView.swift; sourceTree = "<group>"; };
		3C450D2C2B98E7CE00CF4843 /* Item.swift */ = {isa = PBXFileReference; lastKnownFileType = sourcecode.swift; path = Item.swift; sourceTree = "<group>"; };
		3C450D2E2B98E7CF00CF4843 /* Assets.xcassets */ = {isa = PBXFileReference; lastKnownFileType = folder.assetcatalog; path = Assets.xcassets; sourceTree = "<group>"; };
		3C450D312B98E7CF00CF4843 /* Preview Assets.xcassets */ = {isa = PBXFileReference; lastKnownFileType = folder.assetcatalog; path = "Preview Assets.xcassets"; sourceTree = "<group>"; };
		3C5733BC2B990B4900A17EF7 /* Message.swift */ = {isa = PBXFileReference; lastKnownFileType = sourcecode.swift; path = Message.swift; sourceTree = "<group>"; };
		3C5733BF2B990B7300A17EF7 /* OpenAIConnection.swift */ = {isa = PBXFileReference; lastKnownFileType = sourcecode.swift; path = OpenAIConnection.swift; sourceTree = "<group>"; };
		3C5733C42B9912E200A17EF7 /* RegisterUser.swift */ = {isa = PBXFileReference; lastKnownFileType = sourcecode.swift; path = RegisterUser.swift; sourceTree = "<group>"; };
		3C5733C72B991DE700A17EF7 /* GoogleService-Info.plist */ = {isa = PBXFileReference; fileEncoding = 4; lastKnownFileType = text.plist.xml; path = "GoogleService-Info.plist"; sourceTree = "<group>"; };
		3C5733D42B99200800A17EF7 /* studai.entitlements */ = {isa = PBXFileReference; lastKnownFileType = text.plist.entitlements; path = studai.entitlements; sourceTree = "<group>"; };
/* End PBXFileReference section */

/* Begin PBXFrameworksBuildPhase section */
		3C450D222B98E7CE00CF4843 /* Frameworks */ = {
			isa = PBXFrameworksBuildPhase;
			buildActionMask = 2147483647;
			files = (
				3C5733CF2B991E5500A17EF7 /* FirebaseAnalyticsSwift in Frameworks */,
				3C5733D12B991E5500A17EF7 /* FirebaseAnalyticsWithoutAdIdSupport in Frameworks */,
				3C5733CB2B991E5500A17EF7 /* FirebaseAnalytics in Frameworks */,
				3C5733CD2B991E5500A17EF7 /* FirebaseAnalyticsOnDeviceConversion in Frameworks */,
				3C5733D32B991E5500A17EF7 /* FirebaseAppCheck in Frameworks */,
				3CE48F162B98F39B007177CA /* OpenAI in Frameworks */,
			);
			runOnlyForDeploymentPostprocessing = 0;
		};
/* End PBXFrameworksBuildPhase section */

/* Begin PBXGroup section */
		3C450D1C2B98E7CE00CF4843 = {
			isa = PBXGroup;
			children = (
				3C450D272B98E7CE00CF4843 /* studai */,
				3C450D262B98E7CE00CF4843 /* Products */,
			);
			sourceTree = "<group>";
		};
		3C450D262B98E7CE00CF4843 /* Products */ = {
			isa = PBXGroup;
			children = (
				3C450D252B98E7CE00CF4843 /* studai.app */,
			);
			name = Products;
			sourceTree = "<group>";
		};
		3C450D272B98E7CE00CF4843 /* studai */ = {
			isa = PBXGroup;
			children = (
				3C5733D42B99200800A17EF7 /* studai.entitlements */,
				3C5733C72B991DE700A17EF7 /* GoogleService-Info.plist */,
				3C5733C62B991CDD00A17EF7 /* Authentication */,
				3C5733C12B99117D00A17EF7 /* Views */,
				3C5733BE2B990B6600A17EF7 /* OpenAI */,
				3C5733BB2B990B3600A17EF7 /* Message */,
				3C450D282B98E7CE00CF4843 /* studaiApp.swift */,
				3C450D2C2B98E7CE00CF4843 /* Item.swift */,
				3C450D2E2B98E7CF00CF4843 /* Assets.xcassets */,
				3C450D302B98E7CF00CF4843 /* Preview Content */,
			);
			path = studai;
			sourceTree = "<group>";
		};
		3C450D302B98E7CF00CF4843 /* Preview Content */ = {
			isa = PBXGroup;
			children = (
				3C450D312B98E7CF00CF4843 /* Preview Assets.xcassets */,
			);
			path = "Preview Content";
			sourceTree = "<group>";
		};
		3C5733BB2B990B3600A17EF7 /* Message */ = {
			isa = PBXGroup;
			children = (
				3C5733BC2B990B4900A17EF7 /* Message.swift */,
			);
			path = Message;
			sourceTree = "<group>";
		};
		3C5733BE2B990B6600A17EF7 /* OpenAI */ = {
			isa = PBXGroup;
			children = (
				3C5733BF2B990B7300A17EF7 /* OpenAIConnection.swift */,
			);
			path = OpenAI;
			sourceTree = "<group>";
		};
		3C5733C12B99117D00A17EF7 /* Views */ = {
			isa = PBXGroup;
			children = (
				3C450D2A2B98E7CE00CF4843 /* ContentView.swift */,
				3C5733C42B9912E200A17EF7 /* RegisterUser.swift */,
				3C1166B82BA591E000C3AD21 /* AIchat.swift */,
				3C1166BC2BA59BE000C3AD21 /* UserProfile.swift */,
				3C1166BE2BA5A26C00C3AD21 /* AssignmentsView.swift */,
			);
			path = Views;
			sourceTree = "<group>";
		};
		3C5733C62B991CDD00A17EF7 /* Authentication */ = {
			isa = PBXGroup;
			children = (
				3C1166BA2BA592AD00C3AD21 /* UserAuth.swift */,
			);
			path = Authentication;
			sourceTree = "<group>";
		};
/* End PBXGroup section */

/* Begin PBXNativeTarget section */
		3C450D242B98E7CE00CF4843 /* studai */ = {
			isa = PBXNativeTarget;
			buildConfigurationList = 3C450D352B98E7CF00CF4843 /* Build configuration list for PBXNativeTarget "studai" */;
			buildPhases = (
				3C450D212B98E7CE00CF4843 /* Sources */,
				3C450D222B98E7CE00CF4843 /* Frameworks */,
				3C450D232B98E7CE00CF4843 /* Resources */,
			);
			buildRules = (
			);
			dependencies = (
			);
			name = studai;
			packageProductDependencies = (
				3CE48F152B98F39B007177CA /* OpenAI */,
				3C5733CA2B991E5500A17EF7 /* FirebaseAnalytics */,
				3C5733CC2B991E5500A17EF7 /* FirebaseAnalyticsOnDeviceConversion */,
				3C5733CE2B991E5500A17EF7 /* FirebaseAnalyticsSwift */,
				3C5733D02B991E5500A17EF7 /* FirebaseAnalyticsWithoutAdIdSupport */,
				3C5733D22B991E5500A17EF7 /* FirebaseAppCheck */,
			);
			productName = studai;
			productReference = 3C450D252B98E7CE00CF4843 /* studai.app */;
			productType = "com.apple.product-type.application";
		};
/* End PBXNativeTarget section */

/* Begin PBXProject section */
		3C450D1D2B98E7CE00CF4843 /* Project object */ = {
			isa = PBXProject;
			attributes = {
				BuildIndependentTargetsInParallel = 1;
				LastSwiftUpdateCheck = 1520;
				LastUpgradeCheck = 1520;
				TargetAttributes = {
					3C450D242B98E7CE00CF4843 = {
						CreatedOnToolsVersion = 15.2;
					};
				};
			};
			buildConfigurationList = 3C450D202B98E7CE00CF4843 /* Build configuration list for PBXProject "studai" */;
			compatibilityVersion = "Xcode 14.0";
			developmentRegion = en;
			hasScannedForEncodings = 0;
			knownRegions = (
				en,
				Base,
			);
			mainGroup = 3C450D1C2B98E7CE00CF4843;
			packageReferences = (
				3CE48F142B98F39B007177CA /* XCRemoteSwiftPackageReference "OpenAI" */,
				3C5733C92B991E5500A17EF7 /* XCRemoteSwiftPackageReference "firebase-ios-sdk" */,
			);
			productRefGroup = 3C450D262B98E7CE00CF4843 /* Products */;
			projectDirPath = "";
			projectRoot = "";
			targets = (
				3C450D242B98E7CE00CF4843 /* studai */,
			);
		};
/* End PBXProject section */

/* Begin PBXResourcesBuildPhase section */
		3C450D232B98E7CE00CF4843 /* Resources */ = {
			isa = PBXResourcesBuildPhase;
			buildActionMask = 2147483647;
			files = (
				3C450D322B98E7CF00CF4843 /* Preview Assets.xcassets in Resources */,
				3C5733C82B991DE700A17EF7 /* GoogleService-Info.plist in Resources */,
				3C450D2F2B98E7CF00CF4843 /* Assets.xcassets in Resources */,
			);
			runOnlyForDeploymentPostprocessing = 0;
		};
/* End PBXResourcesBuildPhase section */

/* Begin PBXSourcesBuildPhase section */
		3C450D212B98E7CE00CF4843 /* Sources */ = {
			isa = PBXSourcesBuildPhase;
			buildActionMask = 2147483647;
			files = (
				3C450D2B2B98E7CE00CF4843 /* ContentView.swift in Sources */,
				3C1166B92BA591E000C3AD21 /* AIchat.swift in Sources */,
				3C5733BD2B990B4900A17EF7 /* Message.swift in Sources */,
				3C450D2D2B98E7CE00CF4843 /* Item.swift in Sources */,
				3C450D292B98E7CE00CF4843 /* studaiApp.swift in Sources */,
				3C1166BB2BA592AD00C3AD21 /* UserAuth.swift in Sources */,
				3C5733C02B990B7300A17EF7 /* OpenAIConnection.swift in Sources */,
				3C1166BF2BA5A26C00C3AD21 /* AssignmentsView.swift in Sources */,
				3C5733C52B9912E200A17EF7 /* RegisterUser.swift in Sources */,
				3C1166BD2BA59BE000C3AD21 /* UserProfile.swift in Sources */,
			);
			runOnlyForDeploymentPostprocessing = 0;
		};
/* End PBXSourcesBuildPhase section */

/* Begin XCBuildConfiguration section */
		3C450D332B98E7CF00CF4843 /* Debug */ = {
			isa = XCBuildConfiguration;
			buildSettings = {
				ALWAYS_SEARCH_USER_PATHS = NO;
				ASSETCATALOG_COMPILER_GENERATE_SWIFT_ASSET_SYMBOL_EXTENSIONS = YES;
				CLANG_ANALYZER_NONNULL = YES;
				CLANG_ANALYZER_NUMBER_OBJECT_CONVERSION = YES_AGGRESSIVE;
				CLANG_CXX_LANGUAGE_STANDARD = "gnu++20";
				CLANG_ENABLE_MODULES = YES;
				CLANG_ENABLE_OBJC_ARC = YES;
				CLANG_ENABLE_OBJC_WEAK = YES;
				CLANG_WARN_BLOCK_CAPTURE_AUTORELEASING = YES;
				CLANG_WARN_BOOL_CONVERSION = YES;
				CLANG_WARN_COMMA = YES;
				CLANG_WARN_CONSTANT_CONVERSION = YES;
				CLANG_WARN_DEPRECATED_OBJC_IMPLEMENTATIONS = YES;
				CLANG_WARN_DIRECT_OBJC_ISA_USAGE = YES_ERROR;
				CLANG_WARN_DOCUMENTATION_COMMENTS = YES;
				CLANG_WARN_EMPTY_BODY = YES;
				CLANG_WARN_ENUM_CONVERSION = YES;
				CLANG_WARN_INFINITE_RECURSION = YES;
				CLANG_WARN_INT_CONVERSION = YES;
				CLANG_WARN_NON_LITERAL_NULL_CONVERSION = YES;
				CLANG_WARN_OBJC_IMPLICIT_RETAIN_SELF = YES;
				CLANG_WARN_OBJC_LITERAL_CONVERSION = YES;
				CLANG_WARN_OBJC_ROOT_CLASS = YES_ERROR;
				CLANG_WARN_QUOTED_INCLUDE_IN_FRAMEWORK_HEADER = YES;
				CLANG_WARN_RANGE_LOOP_ANALYSIS = YES;
				CLANG_WARN_STRICT_PROTOTYPES = YES;
				CLANG_WARN_SUSPICIOUS_MOVE = YES;
				CLANG_WARN_UNGUARDED_AVAILABILITY = YES_AGGRESSIVE;
				CLANG_WARN_UNREACHABLE_CODE = YES;
				CLANG_WARN__DUPLICATE_METHOD_MATCH = YES;
				COPY_PHASE_STRIP = NO;
				DEBUG_INFORMATION_FORMAT = dwarf;
				ENABLE_STRICT_OBJC_MSGSEND = YES;
				ENABLE_TESTABILITY = YES;
				ENABLE_USER_SCRIPT_SANDBOXING = YES;
				GCC_C_LANGUAGE_STANDARD = gnu17;
				GCC_DYNAMIC_NO_PIC = NO;
				GCC_NO_COMMON_BLOCKS = YES;
				GCC_OPTIMIZATION_LEVEL = 0;
				GCC_PREPROCESSOR_DEFINITIONS = (
					"DEBUG=1",
					"$(inherited)",
				);
				GCC_WARN_64_TO_32_BIT_CONVERSION = YES;
				GCC_WARN_ABOUT_RETURN_TYPE = YES_ERROR;
				GCC_WARN_UNDECLARED_SELECTOR = YES;
				GCC_WARN_UNINITIALIZED_AUTOS = YES_AGGRESSIVE;
				GCC_WARN_UNUSED_FUNCTION = YES;
				GCC_WARN_UNUSED_VARIABLE = YES;
				IPHONEOS_DEPLOYMENT_TARGET = 17.2;
				LOCALIZATION_PREFERS_STRING_CATALOGS = YES;
				MTL_ENABLE_DEBUG_INFO = INCLUDE_SOURCE;
				MTL_FAST_MATH = YES;
				ONLY_ACTIVE_ARCH = YES;
				SDKROOT = iphoneos;
				SWIFT_ACTIVE_COMPILATION_CONDITIONS = "DEBUG $(inherited)";
				SWIFT_OPTIMIZATION_LEVEL = "-Onone";
			};
			name = Debug;
		};
		3C450D342B98E7CF00CF4843 /* Release */ = {
			isa = XCBuildConfiguration;
			buildSettings = {
				ALWAYS_SEARCH_USER_PATHS = NO;
				ASSETCATALOG_COMPILER_GENERATE_SWIFT_ASSET_SYMBOL_EXTENSIONS = YES;
				CLANG_ANALYZER_NONNULL = YES;
				CLANG_ANALYZER_NUMBER_OBJECT_CONVERSION = YES_AGGRESSIVE;
				CLANG_CXX_LANGUAGE_STANDARD = "gnu++20";
				CLANG_ENABLE_MODULES = YES;
				CLANG_ENABLE_OBJC_ARC = YES;
				CLANG_ENABLE_OBJC_WEAK = YES;
				CLANG_WARN_BLOCK_CAPTURE_AUTORELEASING = YES;
				CLANG_WARN_BOOL_CONVERSION = YES;
				CLANG_WARN_COMMA = YES;
				CLANG_WARN_CONSTANT_CONVERSION = YES;
				CLANG_WARN_DEPRECATED_OBJC_IMPLEMENTATIONS = YES;
				CLANG_WARN_DIRECT_OBJC_ISA_USAGE = YES_ERROR;
				CLANG_WARN_DOCUMENTATION_COMMENTS = YES;
				CLANG_WARN_EMPTY_BODY = YES;
				CLANG_WARN_ENUM_CONVERSION = YES;
				CLANG_WARN_INFINITE_RECURSION = YES;
				CLANG_WARN_INT_CONVERSION = YES;
				CLANG_WARN_NON_LITERAL_NULL_CONVERSION = YES;
				CLANG_WARN_OBJC_IMPLICIT_RETAIN_SELF = YES;
				CLANG_WARN_OBJC_LITERAL_CONVERSION = YES;
				CLANG_WARN_OBJC_ROOT_CLASS = YES_ERROR;
				CLANG_WARN_QUOTED_INCLUDE_IN_FRAMEWORK_HEADER = YES;
				CLANG_WARN_RANGE_LOOP_ANALYSIS = YES;
				CLANG_WARN_STRICT_PROTOTYPES = YES;
				CLANG_WARN_SUSPICIOUS_MOVE = YES;
				CLANG_WARN_UNGUARDED_AVAILABILITY = YES_AGGRESSIVE;
				CLANG_WARN_UNREACHABLE_CODE = YES;
				CLANG_WARN__DUPLICATE_METHOD_MATCH = YES;
				COPY_PHASE_STRIP = NO;
				DEBUG_INFORMATION_FORMAT = "dwarf-with-dsym";
				ENABLE_NS_ASSERTIONS = NO;
				ENABLE_STRICT_OBJC_MSGSEND = YES;
				ENABLE_USER_SCRIPT_SANDBOXING = YES;
				GCC_C_LANGUAGE_STANDARD = gnu17;
				GCC_NO_COMMON_BLOCKS = YES;
				GCC_WARN_64_TO_32_BIT_CONVERSION = YES;
				GCC_WARN_ABOUT_RETURN_TYPE = YES_ERROR;
				GCC_WARN_UNDECLARED_SELECTOR = YES;
				GCC_WARN_UNINITIALIZED_AUTOS = YES_AGGRESSIVE;
				GCC_WARN_UNUSED_FUNCTION = YES;
				GCC_WARN_UNUSED_VARIABLE = YES;
				IPHONEOS_DEPLOYMENT_TARGET = 17.2;
				LOCALIZATION_PREFERS_STRING_CATALOGS = YES;
				MTL_ENABLE_DEBUG_INFO = NO;
				MTL_FAST_MATH = YES;
				SDKROOT = iphoneos;
				SWIFT_COMPILATION_MODE = wholemodule;
				VALIDATE_PRODUCT = YES;
			};
			name = Release;
		};
		3C450D362B98E7CF00CF4843 /* Debug */ = {
			isa = XCBuildConfiguration;
			buildSettings = {
				ASSETCATALOG_COMPILER_APPICON_NAME = AppIcon;
				ASSETCATALOG_COMPILER_GLOBAL_ACCENT_COLOR_NAME = AccentColor;
				CODE_SIGN_ENTITLEMENTS = studai/studai.entitlements;
				CODE_SIGN_STYLE = Automatic;
				CURRENT_PROJECT_VERSION = 1;
				DEVELOPMENT_ASSET_PATHS = "\"studai/Preview Content\"";
				DEVELOPMENT_TEAM = U8YDP7L8VZ;
				ENABLE_PREVIEWS = YES;
				GENERATE_INFOPLIST_FILE = YES;
				INFOPLIST_KEY_LSApplicationCategoryType = "public.app-category.education";
				INFOPLIST_KEY_UIApplicationSceneManifest_Generation = YES;
				INFOPLIST_KEY_UIApplicationSupportsIndirectInputEvents = YES;
				INFOPLIST_KEY_UILaunchScreen_Generation = YES;
				INFOPLIST_KEY_UISupportedInterfaceOrientations_iPad = "UIInterfaceOrientationPortrait UIInterfaceOrientationPortraitUpsideDown UIInterfaceOrientationLandscapeLeft UIInterfaceOrientationLandscapeRight";
				INFOPLIST_KEY_UISupportedInterfaceOrientations_iPhone = "UIInterfaceOrientationPortrait UIInterfaceOrientationLandscapeLeft UIInterfaceOrientationLandscapeRight";
				LD_RUNPATH_SEARCH_PATHS = (
					"$(inherited)",
					"@executable_path/Frameworks",
				);
				MARKETING_VERSION = 1.0;
				PRODUCT_BUNDLE_IDENTIFIER = "j-morales.studai";
				PRODUCT_NAME = "$(TARGET_NAME)";
				SWIFT_EMIT_LOC_STRINGS = YES;
				SWIFT_VERSION = 5.0;
				TARGETED_DEVICE_FAMILY = "1,2";
			};
			name = Debug;
		};
		3C450D372B98E7CF00CF4843 /* Release */ = {
			isa = XCBuildConfiguration;
			buildSettings = {
				ASSETCATALOG_COMPILER_APPICON_NAME = AppIcon;
				ASSETCATALOG_COMPILER_GLOBAL_ACCENT_COLOR_NAME = AccentColor;
				CODE_SIGN_ENTITLEMENTS = studai/studai.entitlements;
				CODE_SIGN_STYLE = Automatic;
				CURRENT_PROJECT_VERSION = 1;
				DEVELOPMENT_ASSET_PATHS = "\"studai/Preview Content\"";
				DEVELOPMENT_TEAM = U8YDP7L8VZ;
				ENABLE_PREVIEWS = YES;
				GENERATE_INFOPLIST_FILE = YES;
				INFOPLIST_KEY_LSApplicationCategoryType = "public.app-category.education";
				INFOPLIST_KEY_UIApplicationSceneManifest_Generation = YES;
				INFOPLIST_KEY_UIApplicationSupportsIndirectInputEvents = YES;
				INFOPLIST_KEY_UILaunchScreen_Generation = YES;
				INFOPLIST_KEY_UISupportedInterfaceOrientations_iPad = "UIInterfaceOrientationPortrait UIInterfaceOrientationPortraitUpsideDown UIInterfaceOrientationLandscapeLeft UIInterfaceOrientationLandscapeRight";
				INFOPLIST_KEY_UISupportedInterfaceOrientations_iPhone = "UIInterfaceOrientationPortrait UIInterfaceOrientationLandscapeLeft UIInterfaceOrientationLandscapeRight";
				LD_RUNPATH_SEARCH_PATHS = (
					"$(inherited)",
					"@executable_path/Frameworks",
				);
				MARKETING_VERSION = 1.0;
				PRODUCT_BUNDLE_IDENTIFIER = "j-morales.studai";
				PRODUCT_NAME = "$(TARGET_NAME)";
				SWIFT_EMIT_LOC_STRINGS = YES;
				SWIFT_VERSION = 5.0;
				TARGETED_DEVICE_FAMILY = "1,2";
			};
			name = Release;
		};
/* End XCBuildConfiguration section */

/* Begin XCConfigurationList section */
		3C450D202B98E7CE00CF4843 /* Build configuration list for PBXProject "studai" */ = {
			isa = XCConfigurationList;
			buildConfigurations = (
				3C450D332B98E7CF00CF4843 /* Debug */,
				3C450D342B98E7CF00CF4843 /* Release */,
			);
			defaultConfigurationIsVisible = 0;
			defaultConfigurationName = Release;
		};
		3C450D352B98E7CF00CF4843 /* Build configuration list for PBXNativeTarget "studai" */ = {
			isa = XCConfigurationList;
			buildConfigurations = (
				3C450D362B98E7CF00CF4843 /* Debug */,
				3C450D372B98E7CF00CF4843 /* Release */,
			);
			defaultConfigurationIsVisible = 0;
			defaultConfigurationName = Release;
		};
/* End XCConfigurationList section */

/* Begin XCRemoteSwiftPackageReference section */
		3C5733C92B991E5500A17EF7 /* XCRemoteSwiftPackageReference "firebase-ios-sdk" */ = {
			isa = XCRemoteSwiftPackageReference;
			repositoryURL = "https://github.com/firebase/firebase-ios-sdk";
			requirement = {
				kind = upToNextMajorVersion;
				minimumVersion = 10.22.0;
			};
		};
		3CE48F142B98F39B007177CA /* XCRemoteSwiftPackageReference "OpenAI" */ = {
			isa = XCRemoteSwiftPackageReference;
			repositoryURL = "https://github.com/MacPaw/OpenAI";
			requirement = {
				kind = upToNextMajorVersion;
				minimumVersion = 0.2.6;
			};
		};
/* End XCRemoteSwiftPackageReference section */

/* Begin XCSwiftPackageProductDependency section */
		3C5733CA2B991E5500A17EF7 /* FirebaseAnalytics */ = {
			isa = XCSwiftPackageProductDependency;
			package = 3C5733C92B991E5500A17EF7 /* XCRemoteSwiftPackageReference "firebase-ios-sdk" */;
			productName = FirebaseAnalytics;
		};
		3C5733CC2B991E5500A17EF7 /* FirebaseAnalyticsOnDeviceConversion */ = {
			isa = XCSwiftPackageProductDependency;
			package = 3C5733C92B991E5500A17EF7 /* XCRemoteSwiftPackageReference "firebase-ios-sdk" */;
			productName = FirebaseAnalyticsOnDeviceConversion;
		};
		3C5733CE2B991E5500A17EF7 /* FirebaseAnalyticsSwift */ = {
			isa = XCSwiftPackageProductDependency;
			package = 3C5733C92B991E5500A17EF7 /* XCRemoteSwiftPackageReference "firebase-ios-sdk" */;
			productName = FirebaseAnalyticsSwift;
		};
		3C5733D02B991E5500A17EF7 /* FirebaseAnalyticsWithoutAdIdSupport */ = {
			isa = XCSwiftPackageProductDependency;
			package = 3C5733C92B991E5500A17EF7 /* XCRemoteSwiftPackageReference "firebase-ios-sdk" */;
			productName = FirebaseAnalyticsWithoutAdIdSupport;
		};
		3C5733D22B991E5500A17EF7 /* FirebaseAppCheck */ = {
			isa = XCSwiftPackageProductDependency;
			package = 3C5733C92B991E5500A17EF7 /* XCRemoteSwiftPackageReference "firebase-ios-sdk" */;
			productName = FirebaseAppCheck;
		};
		3CE48F152B98F39B007177CA /* OpenAI */ = {
			isa = XCSwiftPackageProductDependency;
			package = 3CE48F142B98F39B007177CA /* XCRemoteSwiftPackageReference "OpenAI" */;
			productName = OpenAI;
		};
/* End XCSwiftPackageProductDependency section */
	};
	rootObject = 3C450D1D2B98E7CE00CF4843 /* Project object */;
}
