// !$*UTF8*$!
{
	archiveVersion = 1;
	classes = {
	};
	objectVersion = 56;
	objects = {

/* Begin PBXBuildFile section */
		3C09E3982B576EF0007F0E44 /* SignInScreen.swift in Sources */ = {isa = PBXBuildFile; fileRef = 3C09E3972B576EF0007F0E44 /* SignInScreen.swift */; };
		3C09E39A2B5773BC007F0E44 /* GoogleService-Info.plist in Resources */ = {isa = PBXBuildFile; fileRef = 3C09E3992B5773BC007F0E44 /* GoogleService-Info.plist */; };
		3C09E39D2B577519007F0E44 /* FirebaseAnalytics in Frameworks */ = {isa = PBXBuildFile; productRef = 3C09E39C2B577519007F0E44 /* FirebaseAnalytics */; };
		3C09E39F2B577519007F0E44 /* FirebaseAnalyticsOnDeviceConversion in Frameworks */ = {isa = PBXBuildFile; productRef = 3C09E39E2B577519007F0E44 /* FirebaseAnalyticsOnDeviceConversion */; };
		3C09E3A12B577519007F0E44 /* FirebaseAnalyticsSwift in Frameworks */ = {isa = PBXBuildFile; productRef = 3C09E3A02B577519007F0E44 /* FirebaseAnalyticsSwift */; };
		3C09E3A32B577519007F0E44 /* FirebaseAnalyticsWithoutAdIdSupport in Frameworks */ = {isa = PBXBuildFile; productRef = 3C09E3A22B577519007F0E44 /* FirebaseAnalyticsWithoutAdIdSupport */; };
		3C09E3A52B577519007F0E44 /* FirebaseAppCheck in Frameworks */ = {isa = PBXBuildFile; productRef = 3C09E3A42B577519007F0E44 /* FirebaseAppCheck */; };
		3C09E3A72B577519007F0E44 /* FirebaseAppDistribution-Beta in Frameworks */ = {isa = PBXBuildFile; productRef = 3C09E3A62B577519007F0E44 /* FirebaseAppDistribution-Beta */; };
		3C09E3A92B577519007F0E44 /* FirebaseAuth in Frameworks */ = {isa = PBXBuildFile; productRef = 3C09E3A82B577519007F0E44 /* FirebaseAuth */; };
		3C09E3AB2B577519007F0E44 /* FirebaseAuthCombine-Community in Frameworks */ = {isa = PBXBuildFile; productRef = 3C09E3AA2B577519007F0E44 /* FirebaseAuthCombine-Community */; };
		3C09E3AD2B577519007F0E44 /* FirebaseCrashlytics in Frameworks */ = {isa = PBXBuildFile; productRef = 3C09E3AC2B577519007F0E44 /* FirebaseCrashlytics */; };
		3C09E3AF2B577519007F0E44 /* FirebaseDatabase in Frameworks */ = {isa = PBXBuildFile; productRef = 3C09E3AE2B577519007F0E44 /* FirebaseDatabase */; };
		3C09E3B12B577519007F0E44 /* FirebaseDatabaseSwift in Frameworks */ = {isa = PBXBuildFile; productRef = 3C09E3B02B577519007F0E44 /* FirebaseDatabaseSwift */; };
		3C09E3B32B577519007F0E44 /* FirebaseDynamicLinks in Frameworks */ = {isa = PBXBuildFile; productRef = 3C09E3B22B577519007F0E44 /* FirebaseDynamicLinks */; };
		3C09E3B52B577519007F0E44 /* FirebaseFirestore in Frameworks */ = {isa = PBXBuildFile; productRef = 3C09E3B42B577519007F0E44 /* FirebaseFirestore */; };
		3C09E3B72B577519007F0E44 /* FirebaseFirestoreCombine-Community in Frameworks */ = {isa = PBXBuildFile; productRef = 3C09E3B62B577519007F0E44 /* FirebaseFirestoreCombine-Community */; };
		3C09E3B92B577519007F0E44 /* FirebaseFirestoreSwift in Frameworks */ = {isa = PBXBuildFile; productRef = 3C09E3B82B577519007F0E44 /* FirebaseFirestoreSwift */; };
		3C09E3BB2B577519007F0E44 /* FirebaseFunctions in Frameworks */ = {isa = PBXBuildFile; productRef = 3C09E3BA2B577519007F0E44 /* FirebaseFunctions */; };
		3C09E3BD2B577519007F0E44 /* FirebaseFunctionsCombine-Community in Frameworks */ = {isa = PBXBuildFile; productRef = 3C09E3BC2B577519007F0E44 /* FirebaseFunctionsCombine-Community */; };
		3C09E3BF2B577519007F0E44 /* FirebaseInAppMessaging-Beta in Frameworks */ = {isa = PBXBuildFile; productRef = 3C09E3BE2B577519007F0E44 /* FirebaseInAppMessaging-Beta */; };
		3C09E3C12B577519007F0E44 /* FirebaseInAppMessagingSwift-Beta in Frameworks */ = {isa = PBXBuildFile; productRef = 3C09E3C02B577519007F0E44 /* FirebaseInAppMessagingSwift-Beta */; };
		3C09E3C32B577519007F0E44 /* FirebaseInstallations in Frameworks */ = {isa = PBXBuildFile; productRef = 3C09E3C22B577519007F0E44 /* FirebaseInstallations */; };
		3C09E3C52B577519007F0E44 /* FirebaseMLModelDownloader in Frameworks */ = {isa = PBXBuildFile; productRef = 3C09E3C42B577519007F0E44 /* FirebaseMLModelDownloader */; };
		3C09E3C72B577519007F0E44 /* FirebaseMessaging in Frameworks */ = {isa = PBXBuildFile; productRef = 3C09E3C62B577519007F0E44 /* FirebaseMessaging */; };
		3C09E3C92B577519007F0E44 /* FirebasePerformance in Frameworks */ = {isa = PBXBuildFile; productRef = 3C09E3C82B577519007F0E44 /* FirebasePerformance */; };
		3C09E3CB2B577519007F0E44 /* FirebaseRemoteConfig in Frameworks */ = {isa = PBXBuildFile; productRef = 3C09E3CA2B577519007F0E44 /* FirebaseRemoteConfig */; };
		3C09E3CD2B577519007F0E44 /* FirebaseRemoteConfigSwift in Frameworks */ = {isa = PBXBuildFile; productRef = 3C09E3CC2B577519007F0E44 /* FirebaseRemoteConfigSwift */; };
		3C09E3CF2B577519007F0E44 /* FirebaseStorage in Frameworks */ = {isa = PBXBuildFile; productRef = 3C09E3CE2B577519007F0E44 /* FirebaseStorage */; };
		3C09E3D12B577519007F0E44 /* FirebaseStorageCombine-Community in Frameworks */ = {isa = PBXBuildFile; productRef = 3C09E3D02B577519007F0E44 /* FirebaseStorageCombine-Community */; };
		3C09E3D42B577713007F0E44 /* DatabaseManager.swift in Sources */ = {isa = PBXBuildFile; fileRef = 3C09E3D32B577713007F0E44 /* DatabaseManager.swift */; };
		3C09E3D62B577723007F0E44 /* AuthManager.swift in Sources */ = {isa = PBXBuildFile; fileRef = 3C09E3D52B577723007F0E44 /* AuthManager.swift */; };
		3CCD1EF42B4FAC1200455054 /* mychatApp.swift in Sources */ = {isa = PBXBuildFile; fileRef = 3CCD1EF32B4FAC1200455054 /* mychatApp.swift */; };
		3CCD1EF62B4FAC1200455054 /* ContentView.swift in Sources */ = {isa = PBXBuildFile; fileRef = 3CCD1EF52B4FAC1200455054 /* ContentView.swift */; };
		3CCD1EF82B4FAC1400455054 /* Assets.xcassets in Resources */ = {isa = PBXBuildFile; fileRef = 3CCD1EF72B4FAC1400455054 /* Assets.xcassets */; };
		3CCD1EFB2B4FAC1400455054 /* Preview Assets.xcassets in Resources */ = {isa = PBXBuildFile; fileRef = 3CCD1EFA2B4FAC1400455054 /* Preview Assets.xcassets */; };
		3CCD1F022B4FAC5900455054 /* ChatScreen.swift in Sources */ = {isa = PBXBuildFile; fileRef = 3CCD1F012B4FAC5900455054 /* ChatScreen.swift */; };
		3CCD1F042B4FAC6F00455054 /* MessageContent.swift in Sources */ = {isa = PBXBuildFile; fileRef = 3CCD1F032B4FAC6F00455054 /* MessageContent.swift */; };
		3CCD1F0D2B53537F00455054 /* Message.swift in Sources */ = {isa = PBXBuildFile; fileRef = 3CCD1F0C2B53537F00455054 /* Message.swift */; };
/* End PBXBuildFile section */

/* Begin PBXFileReference section */
		3C09E3972B576EF0007F0E44 /* SignInScreen.swift */ = {isa = PBXFileReference; lastKnownFileType = sourcecode.swift; path = SignInScreen.swift; sourceTree = "<group>"; };
		3C09E3992B5773BC007F0E44 /* GoogleService-Info.plist */ = {isa = PBXFileReference; fileEncoding = 4; lastKnownFileType = text.plist.xml; path = "GoogleService-Info.plist"; sourceTree = "<group>"; };
		3C09E3D32B577713007F0E44 /* DatabaseManager.swift */ = {isa = PBXFileReference; lastKnownFileType = sourcecode.swift; path = DatabaseManager.swift; sourceTree = "<group>"; };
		3C09E3D52B577723007F0E44 /* AuthManager.swift */ = {isa = PBXFileReference; lastKnownFileType = sourcecode.swift; path = AuthManager.swift; sourceTree = "<group>"; };
		3CCD1EF02B4FAC1200455054 /* mychat.app */ = {isa = PBXFileReference; explicitFileType = wrapper.application; includeInIndex = 0; path = mychat.app; sourceTree = BUILT_PRODUCTS_DIR; };
		3CCD1EF32B4FAC1200455054 /* mychatApp.swift */ = {isa = PBXFileReference; lastKnownFileType = sourcecode.swift; path = mychatApp.swift; sourceTree = "<group>"; };
		3CCD1EF52B4FAC1200455054 /* ContentView.swift */ = {isa = PBXFileReference; lastKnownFileType = sourcecode.swift; path = ContentView.swift; sourceTree = "<group>"; };
		3CCD1EF72B4FAC1400455054 /* Assets.xcassets */ = {isa = PBXFileReference; lastKnownFileType = folder.assetcatalog; path = Assets.xcassets; sourceTree = "<group>"; };
		3CCD1EFA2B4FAC1400455054 /* Preview Assets.xcassets */ = {isa = PBXFileReference; lastKnownFileType = folder.assetcatalog; path = "Preview Assets.xcassets"; sourceTree = "<group>"; };
		3CCD1F012B4FAC5900455054 /* ChatScreen.swift */ = {isa = PBXFileReference; lastKnownFileType = sourcecode.swift; path = ChatScreen.swift; sourceTree = "<group>"; };
		3CCD1F032B4FAC6F00455054 /* MessageContent.swift */ = {isa = PBXFileReference; lastKnownFileType = sourcecode.swift; path = MessageContent.swift; sourceTree = "<group>"; };
		3CCD1F0C2B53537F00455054 /* Message.swift */ = {isa = PBXFileReference; lastKnownFileType = sourcecode.swift; path = Message.swift; sourceTree = "<group>"; };
/* End PBXFileReference section */

/* Begin PBXFrameworksBuildPhase section */
		3CCD1EED2B4FAC1200455054 /* Frameworks */ = {
			isa = PBXFrameworksBuildPhase;
			buildActionMask = 2147483647;
			files = (
				3C09E3AF2B577519007F0E44 /* FirebaseDatabase in Frameworks */,
				3C09E3BD2B577519007F0E44 /* FirebaseFunctionsCombine-Community in Frameworks */,
				3C09E3B52B577519007F0E44 /* FirebaseFirestore in Frameworks */,
				3C09E3A12B577519007F0E44 /* FirebaseAnalyticsSwift in Frameworks */,
				3C09E39D2B577519007F0E44 /* FirebaseAnalytics in Frameworks */,
				3C09E39F2B577519007F0E44 /* FirebaseAnalyticsOnDeviceConversion in Frameworks */,
				3C09E3C52B577519007F0E44 /* FirebaseMLModelDownloader in Frameworks */,
				3C09E3B92B577519007F0E44 /* FirebaseFirestoreSwift in Frameworks */,
				3C09E3A52B577519007F0E44 /* FirebaseAppCheck in Frameworks */,
				3C09E3A32B577519007F0E44 /* FirebaseAnalyticsWithoutAdIdSupport in Frameworks */,
				3C09E3A92B577519007F0E44 /* FirebaseAuth in Frameworks */,
				3C09E3AD2B577519007F0E44 /* FirebaseCrashlytics in Frameworks */,
				3C09E3CD2B577519007F0E44 /* FirebaseRemoteConfigSwift in Frameworks */,
				3C09E3BF2B577519007F0E44 /* FirebaseInAppMessaging-Beta in Frameworks */,
				3C09E3B12B577519007F0E44 /* FirebaseDatabaseSwift in Frameworks */,
				3C09E3BB2B577519007F0E44 /* FirebaseFunctions in Frameworks */,
				3C09E3D12B577519007F0E44 /* FirebaseStorageCombine-Community in Frameworks */,
				3C09E3CB2B577519007F0E44 /* FirebaseRemoteConfig in Frameworks */,
				3C09E3A72B577519007F0E44 /* FirebaseAppDistribution-Beta in Frameworks */,
				3C09E3AB2B577519007F0E44 /* FirebaseAuthCombine-Community in Frameworks */,
				3C09E3C92B577519007F0E44 /* FirebasePerformance in Frameworks */,
				3C09E3C12B577519007F0E44 /* FirebaseInAppMessagingSwift-Beta in Frameworks */,
				3C09E3CF2B577519007F0E44 /* FirebaseStorage in Frameworks */,
				3C09E3B32B577519007F0E44 /* FirebaseDynamicLinks in Frameworks */,
				3C09E3B72B577519007F0E44 /* FirebaseFirestoreCombine-Community in Frameworks */,
				3C09E3C72B577519007F0E44 /* FirebaseMessaging in Frameworks */,
				3C09E3C32B577519007F0E44 /* FirebaseInstallations in Frameworks */,
			);
			runOnlyForDeploymentPostprocessing = 0;
		};
/* End PBXFrameworksBuildPhase section */

/* Begin PBXGroup section */
		3C09E3D22B5776F9007F0E44 /* Managers */ = {
			isa = PBXGroup;
			children = (
				3C09E3D32B577713007F0E44 /* DatabaseManager.swift */,
				3C09E3D52B577723007F0E44 /* AuthManager.swift */,
			);
			path = Managers;
			sourceTree = "<group>";
		};
		3CCD1EE72B4FAC1200455054 = {
			isa = PBXGroup;
			children = (
				3CCD1EF22B4FAC1200455054 /* mychat */,
				3CCD1EF12B4FAC1200455054 /* Products */,
			);
			sourceTree = "<group>";
		};
		3CCD1EF12B4FAC1200455054 /* Products */ = {
			isa = PBXGroup;
			children = (
				3CCD1EF02B4FAC1200455054 /* mychat.app */,
			);
			name = Products;
			sourceTree = "<group>";
		};
		3CCD1EF22B4FAC1200455054 /* mychat */ = {
			isa = PBXGroup;
			children = (
				3C09E3D22B5776F9007F0E44 /* Managers */,
				3C09E3992B5773BC007F0E44 /* GoogleService-Info.plist */,
				3CCD1F0A2B5352D600455054 /* Views */,
				3CCD1F092B53527A00455054 /* Models */,
				3CCD1EF32B4FAC1200455054 /* mychatApp.swift */,
				3CCD1EF52B4FAC1200455054 /* ContentView.swift */,
				3CCD1EF72B4FAC1400455054 /* Assets.xcassets */,
				3CCD1EF92B4FAC1400455054 /* Preview Content */,
			);
			path = mychat;
			sourceTree = "<group>";
		};
		3CCD1EF92B4FAC1400455054 /* Preview Content */ = {
			isa = PBXGroup;
			children = (
				3CCD1EFA2B4FAC1400455054 /* Preview Assets.xcassets */,
			);
			path = "Preview Content";
			sourceTree = "<group>";
		};
		3CCD1F092B53527A00455054 /* Models */ = {
			isa = PBXGroup;
			children = (
				3CCD1F0C2B53537F00455054 /* Message.swift */,
			);
			path = Models;
			sourceTree = "<group>";
		};
		3CCD1F0A2B5352D600455054 /* Views */ = {
			isa = PBXGroup;
			children = (
				3CCD1F012B4FAC5900455054 /* ChatScreen.swift */,
				3CCD1F032B4FAC6F00455054 /* MessageContent.swift */,
				3C09E3972B576EF0007F0E44 /* SignInScreen.swift */,
			);
			path = Views;
			sourceTree = "<group>";
		};
/* End PBXGroup section */

/* Begin PBXNativeTarget section */
		3CCD1EEF2B4FAC1200455054 /* mychat */ = {
			isa = PBXNativeTarget;
			buildConfigurationList = 3CCD1EFE2B4FAC1400455054 /* Build configuration list for PBXNativeTarget "mychat" */;
			buildPhases = (
				3CCD1EEC2B4FAC1200455054 /* Sources */,
				3CCD1EED2B4FAC1200455054 /* Frameworks */,
				3CCD1EEE2B4FAC1200455054 /* Resources */,
			);
			buildRules = (
			);
			dependencies = (
			);
			name = mychat;
			packageProductDependencies = (
				3C09E39C2B577519007F0E44 /* FirebaseAnalytics */,
				3C09E39E2B577519007F0E44 /* FirebaseAnalyticsOnDeviceConversion */,
				3C09E3A02B577519007F0E44 /* FirebaseAnalyticsSwift */,
				3C09E3A22B577519007F0E44 /* FirebaseAnalyticsWithoutAdIdSupport */,
				3C09E3A42B577519007F0E44 /* FirebaseAppCheck */,
				3C09E3A62B577519007F0E44 /* FirebaseAppDistribution-Beta */,
				3C09E3A82B577519007F0E44 /* FirebaseAuth */,
				3C09E3AA2B577519007F0E44 /* FirebaseAuthCombine-Community */,
				3C09E3AC2B577519007F0E44 /* FirebaseCrashlytics */,
				3C09E3AE2B577519007F0E44 /* FirebaseDatabase */,
				3C09E3B02B577519007F0E44 /* FirebaseDatabaseSwift */,
				3C09E3B22B577519007F0E44 /* FirebaseDynamicLinks */,
				3C09E3B42B577519007F0E44 /* FirebaseFirestore */,
				3C09E3B62B577519007F0E44 /* FirebaseFirestoreCombine-Community */,
				3C09E3B82B577519007F0E44 /* FirebaseFirestoreSwift */,
				3C09E3BA2B577519007F0E44 /* FirebaseFunctions */,
				3C09E3BC2B577519007F0E44 /* FirebaseFunctionsCombine-Community */,
				3C09E3BE2B577519007F0E44 /* FirebaseInAppMessaging-Beta */,
				3C09E3C02B577519007F0E44 /* FirebaseInAppMessagingSwift-Beta */,
				3C09E3C22B577519007F0E44 /* FirebaseInstallations */,
				3C09E3C42B577519007F0E44 /* FirebaseMLModelDownloader */,
				3C09E3C62B577519007F0E44 /* FirebaseMessaging */,
				3C09E3C82B577519007F0E44 /* FirebasePerformance */,
				3C09E3CA2B577519007F0E44 /* FirebaseRemoteConfig */,
				3C09E3CC2B577519007F0E44 /* FirebaseRemoteConfigSwift */,
				3C09E3CE2B577519007F0E44 /* FirebaseStorage */,
				3C09E3D02B577519007F0E44 /* FirebaseStorageCombine-Community */,
			);
			productName = mychat;
			productReference = 3CCD1EF02B4FAC1200455054 /* mychat.app */;
			productType = "com.apple.product-type.application";
		};
/* End PBXNativeTarget section */

/* Begin PBXProject section */
		3CCD1EE82B4FAC1200455054 /* Project object */ = {
			isa = PBXProject;
			attributes = {
				BuildIndependentTargetsInParallel = 1;
				LastSwiftUpdateCheck = 1520;
				LastUpgradeCheck = 1520;
				TargetAttributes = {
					3CCD1EEF2B4FAC1200455054 = {
						CreatedOnToolsVersion = 15.2;
					};
				};
			};
			buildConfigurationList = 3CCD1EEB2B4FAC1200455054 /* Build configuration list for PBXProject "mychat" */;
			compatibilityVersion = "Xcode 14.0";
			developmentRegion = en;
			hasScannedForEncodings = 0;
			knownRegions = (
				en,
				Base,
			);
			mainGroup = 3CCD1EE72B4FAC1200455054;
			packageReferences = (
				3C09E39B2B577519007F0E44 /* XCRemoteSwiftPackageReference "firebase-ios-sdk" */,
			);
			productRefGroup = 3CCD1EF12B4FAC1200455054 /* Products */;
			projectDirPath = "";
			projectRoot = "";
			targets = (
				3CCD1EEF2B4FAC1200455054 /* mychat */,
			);
		};
/* End PBXProject section */

/* Begin PBXResourcesBuildPhase section */
		3CCD1EEE2B4FAC1200455054 /* Resources */ = {
			isa = PBXResourcesBuildPhase;
			buildActionMask = 2147483647;
			files = (
				3CCD1EFB2B4FAC1400455054 /* Preview Assets.xcassets in Resources */,
				3CCD1EF82B4FAC1400455054 /* Assets.xcassets in Resources */,
				3C09E39A2B5773BC007F0E44 /* GoogleService-Info.plist in Resources */,
			);
			runOnlyForDeploymentPostprocessing = 0;
		};
/* End PBXResourcesBuildPhase section */

/* Begin PBXSourcesBuildPhase section */
		3CCD1EEC2B4FAC1200455054 /* Sources */ = {
			isa = PBXSourcesBuildPhase;
			buildActionMask = 2147483647;
			files = (
				3CCD1EF62B4FAC1200455054 /* ContentView.swift in Sources */,
				3C09E3D62B577723007F0E44 /* AuthManager.swift in Sources */,
				3CCD1F022B4FAC5900455054 /* ChatScreen.swift in Sources */,
				3CCD1F0D2B53537F00455054 /* Message.swift in Sources */,
				3CCD1EF42B4FAC1200455054 /* mychatApp.swift in Sources */,
				3CCD1F042B4FAC6F00455054 /* MessageContent.swift in Sources */,
				3C09E3D42B577713007F0E44 /* DatabaseManager.swift in Sources */,
				3C09E3982B576EF0007F0E44 /* SignInScreen.swift in Sources */,
			);
			runOnlyForDeploymentPostprocessing = 0;
		};
/* End PBXSourcesBuildPhase section */

/* Begin XCBuildConfiguration section */
		3CCD1EFC2B4FAC1400455054 /* Debug */ = {
			isa = XCBuildConfiguration;
			buildSettings = {
				ALWAYS_SEARCH_USER_PATHS = NO;
				ASSETCATALOG_COMPILER_GENERATE_SWIFT_ASSET_SYMBOL_EXTENSIONS = YES;
				CLANG_ANALYZER_NONNULL = YES;
				CLANG_ANALYZER_NUMBER_OBJECT_CONVERSION = YES_AGGRESSIVE;
				CLANG_CXX_LANGUAGE_STANDARD = "gnu++20";
				CLANG_ENABLE_MODULES = YES;
				CLANG_ENABLE_OBJC_ARC = YES;
				CLANG_ENABLE_OBJC_WEAK = YES;
				CLANG_WARN_BLOCK_CAPTURE_AUTORELEASING = YES;
				CLANG_WARN_BOOL_CONVERSION = YES;
				CLANG_WARN_COMMA = YES;
				CLANG_WARN_CONSTANT_CONVERSION = YES;
				CLANG_WARN_DEPRECATED_OBJC_IMPLEMENTATIONS = YES;
				CLANG_WARN_DIRECT_OBJC_ISA_USAGE = YES_ERROR;
				CLANG_WARN_DOCUMENTATION_COMMENTS = YES;
				CLANG_WARN_EMPTY_BODY = YES;
				CLANG_WARN_ENUM_CONVERSION = YES;
				CLANG_WARN_INFINITE_RECURSION = YES;
				CLANG_WARN_INT_CONVERSION = YES;
				CLANG_WARN_NON_LITERAL_NULL_CONVERSION = YES;
				CLANG_WARN_OBJC_IMPLICIT_RETAIN_SELF = YES;
				CLANG_WARN_OBJC_LITERAL_CONVERSION = YES;
				CLANG_WARN_OBJC_ROOT_CLASS = YES_ERROR;
				CLANG_WARN_QUOTED_INCLUDE_IN_FRAMEWORK_HEADER = YES;
				CLANG_WARN_RANGE_LOOP_ANALYSIS = YES;
				CLANG_WARN_STRICT_PROTOTYPES = YES;
				CLANG_WARN_SUSPICIOUS_MOVE = YES;
				CLANG_WARN_UNGUARDED_AVAILABILITY = YES_AGGRESSIVE;
				CLANG_WARN_UNREACHABLE_CODE = YES;
				CLANG_WARN__DUPLICATE_METHOD_MATCH = YES;
				COPY_PHASE_STRIP = NO;
				DEBUG_INFORMATION_FORMAT = dwarf;
				ENABLE_STRICT_OBJC_MSGSEND = YES;
				ENABLE_TESTABILITY = YES;
				ENABLE_USER_SCRIPT_SANDBOXING = YES;
				GCC_C_LANGUAGE_STANDARD = gnu17;
				GCC_DYNAMIC_NO_PIC = NO;
				GCC_NO_COMMON_BLOCKS = YES;
				GCC_OPTIMIZATION_LEVEL = 0;
				GCC_PREPROCESSOR_DEFINITIONS = (
					"DEBUG=1",
					"$(inherited)",
				);
				GCC_WARN_64_TO_32_BIT_CONVERSION = YES;
				GCC_WARN_ABOUT_RETURN_TYPE = YES_ERROR;
				GCC_WARN_UNDECLARED_SELECTOR = YES;
				GCC_WARN_UNINITIALIZED_AUTOS = YES_AGGRESSIVE;
				GCC_WARN_UNUSED_FUNCTION = YES;
				GCC_WARN_UNUSED_VARIABLE = YES;
				IPHONEOS_DEPLOYMENT_TARGET = 17.2;
				LOCALIZATION_PREFERS_STRING_CATALOGS = YES;
				MTL_ENABLE_DEBUG_INFO = INCLUDE_SOURCE;
				MTL_FAST_MATH = YES;
				ONLY_ACTIVE_ARCH = YES;
				SDKROOT = iphoneos;
				SWIFT_ACTIVE_COMPILATION_CONDITIONS = "DEBUG $(inherited)";
				SWIFT_OPTIMIZATION_LEVEL = "-Onone";
			};
			name = Debug;
		};
		3CCD1EFD2B4FAC1400455054 /* Release */ = {
			isa = XCBuildConfiguration;
			buildSettings = {
				ALWAYS_SEARCH_USER_PATHS = NO;
				ASSETCATALOG_COMPILER_GENERATE_SWIFT_ASSET_SYMBOL_EXTENSIONS = YES;
				CLANG_ANALYZER_NONNULL = YES;
				CLANG_ANALYZER_NUMBER_OBJECT_CONVERSION = YES_AGGRESSIVE;
				CLANG_CXX_LANGUAGE_STANDARD = "gnu++20";
				CLANG_ENABLE_MODULES = YES;
				CLANG_ENABLE_OBJC_ARC = YES;
				CLANG_ENABLE_OBJC_WEAK = YES;
				CLANG_WARN_BLOCK_CAPTURE_AUTORELEASING = YES;
				CLANG_WARN_BOOL_CONVERSION = YES;
				CLANG_WARN_COMMA = YES;
				CLANG_WARN_CONSTANT_CONVERSION = YES;
				CLANG_WARN_DEPRECATED_OBJC_IMPLEMENTATIONS = YES;
				CLANG_WARN_DIRECT_OBJC_ISA_USAGE = YES_ERROR;
				CLANG_WARN_DOCUMENTATION_COMMENTS = YES;
				CLANG_WARN_EMPTY_BODY = YES;
				CLANG_WARN_ENUM_CONVERSION = YES;
				CLANG_WARN_INFINITE_RECURSION = YES;
				CLANG_WARN_INT_CONVERSION = YES;
				CLANG_WARN_NON_LITERAL_NULL_CONVERSION = YES;
				CLANG_WARN_OBJC_IMPLICIT_RETAIN_SELF = YES;
				CLANG_WARN_OBJC_LITERAL_CONVERSION = YES;
				CLANG_WARN_OBJC_ROOT_CLASS = YES_ERROR;
				CLANG_WARN_QUOTED_INCLUDE_IN_FRAMEWORK_HEADER = YES;
				CLANG_WARN_RANGE_LOOP_ANALYSIS = YES;
				CLANG_WARN_STRICT_PROTOTYPES = YES;
				CLANG_WARN_SUSPICIOUS_MOVE = YES;
				CLANG_WARN_UNGUARDED_AVAILABILITY = YES_AGGRESSIVE;
				CLANG_WARN_UNREACHABLE_CODE = YES;
				CLANG_WARN__DUPLICATE_METHOD_MATCH = YES;
				COPY_PHASE_STRIP = NO;
				DEBUG_INFORMATION_FORMAT = "dwarf-with-dsym";
				ENABLE_NS_ASSERTIONS = NO;
				ENABLE_STRICT_OBJC_MSGSEND = YES;
				ENABLE_USER_SCRIPT_SANDBOXING = YES;
				GCC_C_LANGUAGE_STANDARD = gnu17;
				GCC_NO_COMMON_BLOCKS = YES;
				GCC_WARN_64_TO_32_BIT_CONVERSION = YES;
				GCC_WARN_ABOUT_RETURN_TYPE = YES_ERROR;
				GCC_WARN_UNDECLARED_SELECTOR = YES;
				GCC_WARN_UNINITIALIZED_AUTOS = YES_AGGRESSIVE;
				GCC_WARN_UNUSED_FUNCTION = YES;
				GCC_WARN_UNUSED_VARIABLE = YES;
				IPHONEOS_DEPLOYMENT_TARGET = 17.2;
				LOCALIZATION_PREFERS_STRING_CATALOGS = YES;
				MTL_ENABLE_DEBUG_INFO = NO;
				MTL_FAST_MATH = YES;
				SDKROOT = iphoneos;
				SWIFT_COMPILATION_MODE = wholemodule;
				VALIDATE_PRODUCT = YES;
			};
			name = Release;
		};
		3CCD1EFF2B4FAC1400455054 /* Debug */ = {
			isa = XCBuildConfiguration;
			buildSettings = {
				ASSETCATALOG_COMPILER_APPICON_NAME = AppIcon;
				ASSETCATALOG_COMPILER_GLOBAL_ACCENT_COLOR_NAME = AccentColor;
				CODE_SIGN_STYLE = Automatic;
				CURRENT_PROJECT_VERSION = 1;
				DEVELOPMENT_ASSET_PATHS = "\"mychat/Preview Content\"";
				DEVELOPMENT_TEAM = U8YDP7L8VZ;
				ENABLE_PREVIEWS = YES;
				GENERATE_INFOPLIST_FILE = YES;
				INFOPLIST_KEY_UIApplicationSceneManifest_Generation = YES;
				INFOPLIST_KEY_UIApplicationSupportsIndirectInputEvents = YES;
				INFOPLIST_KEY_UILaunchScreen_Generation = YES;
				INFOPLIST_KEY_UISupportedInterfaceOrientations_iPad = "UIInterfaceOrientationPortrait UIInterfaceOrientationPortraitUpsideDown UIInterfaceOrientationLandscapeLeft UIInterfaceOrientationLandscapeRight";
				INFOPLIST_KEY_UISupportedInterfaceOrientations_iPhone = "UIInterfaceOrientationPortrait UIInterfaceOrientationLandscapeLeft UIInterfaceOrientationLandscapeRight";
				LD_RUNPATH_SEARCH_PATHS = (
					"$(inherited)",
					"@executable_path/Frameworks",
				);
				MARKETING_VERSION = 1.0;
				PRODUCT_BUNDLE_IDENTIFIER = "j-morales.mychat";
				PRODUCT_NAME = "$(TARGET_NAME)";
				SWIFT_EMIT_LOC_STRINGS = YES;
				SWIFT_VERSION = 5.0;
				TARGETED_DEVICE_FAMILY = "1,2";
			};
			name = Debug;
		};
		3CCD1F002B4FAC1400455054 /* Release */ = {
			isa = XCBuildConfiguration;
			buildSettings = {
				ASSETCATALOG_COMPILER_APPICON_NAME = AppIcon;
				ASSETCATALOG_COMPILER_GLOBAL_ACCENT_COLOR_NAME = AccentColor;
				CODE_SIGN_STYLE = Automatic;
				CURRENT_PROJECT_VERSION = 1;
				DEVELOPMENT_ASSET_PATHS = "\"mychat/Preview Content\"";
				DEVELOPMENT_TEAM = U8YDP7L8VZ;
				ENABLE_PREVIEWS = YES;
				GENERATE_INFOPLIST_FILE = YES;
				INFOPLIST_KEY_UIApplicationSceneManifest_Generation = YES;
				INFOPLIST_KEY_UIApplicationSupportsIndirectInputEvents = YES;
				INFOPLIST_KEY_UILaunchScreen_Generation = YES;
				INFOPLIST_KEY_UISupportedInterfaceOrientations_iPad = "UIInterfaceOrientationPortrait UIInterfaceOrientationPortraitUpsideDown UIInterfaceOrientationLandscapeLeft UIInterfaceOrientationLandscapeRight";
				INFOPLIST_KEY_UISupportedInterfaceOrientations_iPhone = "UIInterfaceOrientationPortrait UIInterfaceOrientationLandscapeLeft UIInterfaceOrientationLandscapeRight";
				LD_RUNPATH_SEARCH_PATHS = (
					"$(inherited)",
					"@executable_path/Frameworks",
				);
				MARKETING_VERSION = 1.0;
				PRODUCT_BUNDLE_IDENTIFIER = "j-morales.mychat";
				PRODUCT_NAME = "$(TARGET_NAME)";
				SWIFT_EMIT_LOC_STRINGS = YES;
				SWIFT_VERSION = 5.0;
				TARGETED_DEVICE_FAMILY = "1,2";
			};
			name = Release;
		};
/* End XCBuildConfiguration section */

/* Begin XCConfigurationList section */
		3CCD1EEB2B4FAC1200455054 /* Build configuration list for PBXProject "mychat" */ = {
			isa = XCConfigurationList;
			buildConfigurations = (
				3CCD1EFC2B4FAC1400455054 /* Debug */,
				3CCD1EFD2B4FAC1400455054 /* Release */,
			);
			defaultConfigurationIsVisible = 0;
			defaultConfigurationName = Release;
		};
		3CCD1EFE2B4FAC1400455054 /* Build configuration list for PBXNativeTarget "mychat" */ = {
			isa = XCConfigurationList;
			buildConfigurations = (
				3CCD1EFF2B4FAC1400455054 /* Debug */,
				3CCD1F002B4FAC1400455054 /* Release */,
			);
			defaultConfigurationIsVisible = 0;
			defaultConfigurationName = Release;
		};
/* End XCConfigurationList section */

/* Begin XCRemoteSwiftPackageReference section */
		3C09E39B2B577519007F0E44 /* XCRemoteSwiftPackageReference "firebase-ios-sdk" */ = {
			isa = XCRemoteSwiftPackageReference;
			repositoryURL = "https://github.com/firebase/firebase-ios-sdk";
			requirement = {
				kind = upToNextMajorVersion;
				minimumVersion = 10.20.0;
			};
		};
/* End XCRemoteSwiftPackageReference section */

/* Begin XCSwiftPackageProductDependency section */
		3C09E39C2B577519007F0E44 /* FirebaseAnalytics */ = {
			isa = XCSwiftPackageProductDependency;
			package = 3C09E39B2B577519007F0E44 /* XCRemoteSwiftPackageReference "firebase-ios-sdk" */;
			productName = FirebaseAnalytics;
		};
		3C09E39E2B577519007F0E44 /* FirebaseAnalyticsOnDeviceConversion */ = {
			isa = XCSwiftPackageProductDependency;
			package = 3C09E39B2B577519007F0E44 /* XCRemoteSwiftPackageReference "firebase-ios-sdk" */;
			productName = FirebaseAnalyticsOnDeviceConversion;
		};
		3C09E3A02B577519007F0E44 /* FirebaseAnalyticsSwift */ = {
			isa = XCSwiftPackageProductDependency;
			package = 3C09E39B2B577519007F0E44 /* XCRemoteSwiftPackageReference "firebase-ios-sdk" */;
			productName = FirebaseAnalyticsSwift;
		};
		3C09E3A22B577519007F0E44 /* FirebaseAnalyticsWithoutAdIdSupport */ = {
			isa = XCSwiftPackageProductDependency;
			package = 3C09E39B2B577519007F0E44 /* XCRemoteSwiftPackageReference "firebase-ios-sdk" */;
			productName = FirebaseAnalyticsWithoutAdIdSupport;
		};
		3C09E3A42B577519007F0E44 /* FirebaseAppCheck */ = {
			isa = XCSwiftPackageProductDependency;
			package = 3C09E39B2B577519007F0E44 /* XCRemoteSwiftPackageReference "firebase-ios-sdk" */;
			productName = FirebaseAppCheck;
		};
		3C09E3A62B577519007F0E44 /* FirebaseAppDistribution-Beta */ = {
			isa = XCSwiftPackageProductDependency;
			package = 3C09E39B2B577519007F0E44 /* XCRemoteSwiftPackageReference "firebase-ios-sdk" */;
			productName = "FirebaseAppDistribution-Beta";
		};
		3C09E3A82B577519007F0E44 /* FirebaseAuth */ = {
			isa = XCSwiftPackageProductDependency;
			package = 3C09E39B2B577519007F0E44 /* XCRemoteSwiftPackageReference "firebase-ios-sdk" */;
			productName = FirebaseAuth;
		};
		3C09E3AA2B577519007F0E44 /* FirebaseAuthCombine-Community */ = {
			isa = XCSwiftPackageProductDependency;
			package = 3C09E39B2B577519007F0E44 /* XCRemoteSwiftPackageReference "firebase-ios-sdk" */;
			productName = "FirebaseAuthCombine-Community";
		};
		3C09E3AC2B577519007F0E44 /* FirebaseCrashlytics */ = {
			isa = XCSwiftPackageProductDependency;
			package = 3C09E39B2B577519007F0E44 /* XCRemoteSwiftPackageReference "firebase-ios-sdk" */;
			productName = FirebaseCrashlytics;
		};
		3C09E3AE2B577519007F0E44 /* FirebaseDatabase */ = {
			isa = XCSwiftPackageProductDependency;
			package = 3C09E39B2B577519007F0E44 /* XCRemoteSwiftPackageReference "firebase-ios-sdk" */;
			productName = FirebaseDatabase;
		};
		3C09E3B02B577519007F0E44 /* FirebaseDatabaseSwift */ = {
			isa = XCSwiftPackageProductDependency;
			package = 3C09E39B2B577519007F0E44 /* XCRemoteSwiftPackageReference "firebase-ios-sdk" */;
			productName = FirebaseDatabaseSwift;
		};
		3C09E3B22B577519007F0E44 /* FirebaseDynamicLinks */ = {
			isa = XCSwiftPackageProductDependency;
			package = 3C09E39B2B577519007F0E44 /* XCRemoteSwiftPackageReference "firebase-ios-sdk" */;
			productName = FirebaseDynamicLinks;
		};
		3C09E3B42B577519007F0E44 /* FirebaseFirestore */ = {
			isa = XCSwiftPackageProductDependency;
			package = 3C09E39B2B577519007F0E44 /* XCRemoteSwiftPackageReference "firebase-ios-sdk" */;
			productName = FirebaseFirestore;
		};
		3C09E3B62B577519007F0E44 /* FirebaseFirestoreCombine-Community */ = {
			isa = XCSwiftPackageProductDependency;
			package = 3C09E39B2B577519007F0E44 /* XCRemoteSwiftPackageReference "firebase-ios-sdk" */;
			productName = "FirebaseFirestoreCombine-Community";
		};
		3C09E3B82B577519007F0E44 /* FirebaseFirestoreSwift */ = {
			isa = XCSwiftPackageProductDependency;
			package = 3C09E39B2B577519007F0E44 /* XCRemoteSwiftPackageReference "firebase-ios-sdk" */;
			productName = FirebaseFirestoreSwift;
		};
		3C09E3BA2B577519007F0E44 /* FirebaseFunctions */ = {
			isa = XCSwiftPackageProductDependency;
			package = 3C09E39B2B577519007F0E44 /* XCRemoteSwiftPackageReference "firebase-ios-sdk" */;
			productName = FirebaseFunctions;
		};
		3C09E3BC2B577519007F0E44 /* FirebaseFunctionsCombine-Community */ = {
			isa = XCSwiftPackageProductDependency;
			package = 3C09E39B2B577519007F0E44 /* XCRemoteSwiftPackageReference "firebase-ios-sdk" */;
			productName = "FirebaseFunctionsCombine-Community";
		};
		3C09E3BE2B577519007F0E44 /* FirebaseInAppMessaging-Beta */ = {
			isa = XCSwiftPackageProductDependency;
			package = 3C09E39B2B577519007F0E44 /* XCRemoteSwiftPackageReference "firebase-ios-sdk" */;
			productName = "FirebaseInAppMessaging-Beta";
		};
		3C09E3C02B577519007F0E44 /* FirebaseInAppMessagingSwift-Beta */ = {
			isa = XCSwiftPackageProductDependency;
			package = 3C09E39B2B577519007F0E44 /* XCRemoteSwiftPackageReference "firebase-ios-sdk" */;
			productName = "FirebaseInAppMessagingSwift-Beta";
		};
		3C09E3C22B577519007F0E44 /* FirebaseInstallations */ = {
			isa = XCSwiftPackageProductDependency;
			package = 3C09E39B2B577519007F0E44 /* XCRemoteSwiftPackageReference "firebase-ios-sdk" */;
			productName = FirebaseInstallations;
		};
		3C09E3C42B577519007F0E44 /* FirebaseMLModelDownloader */ = {
			isa = XCSwiftPackageProductDependency;
			package = 3C09E39B2B577519007F0E44 /* XCRemoteSwiftPackageReference "firebase-ios-sdk" */;
			productName = FirebaseMLModelDownloader;
		};
		3C09E3C62B577519007F0E44 /* FirebaseMessaging */ = {
			isa = XCSwiftPackageProductDependency;
			package = 3C09E39B2B577519007F0E44 /* XCRemoteSwiftPackageReference "firebase-ios-sdk" */;
			productName = FirebaseMessaging;
		};
		3C09E3C82B577519007F0E44 /* FirebasePerformance */ = {
			isa = XCSwiftPackageProductDependency;
			package = 3C09E39B2B577519007F0E44 /* XCRemoteSwiftPackageReference "firebase-ios-sdk" */;
			productName = FirebasePerformance;
		};
		3C09E3CA2B577519007F0E44 /* FirebaseRemoteConfig */ = {
			isa = XCSwiftPackageProductDependency;
			package = 3C09E39B2B577519007F0E44 /* XCRemoteSwiftPackageReference "firebase-ios-sdk" */;
			productName = FirebaseRemoteConfig;
		};
		3C09E3CC2B577519007F0E44 /* FirebaseRemoteConfigSwift */ = {
			isa = XCSwiftPackageProductDependency;
			package = 3C09E39B2B577519007F0E44 /* XCRemoteSwiftPackageReference "firebase-ios-sdk" */;
			productName = FirebaseRemoteConfigSwift;
		};
		3C09E3CE2B577519007F0E44 /* FirebaseStorage */ = {
			isa = XCSwiftPackageProductDependency;
			package = 3C09E39B2B577519007F0E44 /* XCRemoteSwiftPackageReference "firebase-ios-sdk" */;
			productName = FirebaseStorage;
		};
		3C09E3D02B577519007F0E44 /* FirebaseStorageCombine-Community */ = {
			isa = XCSwiftPackageProductDependency;
			package = 3C09E39B2B577519007F0E44 /* XCRemoteSwiftPackageReference "firebase-ios-sdk" */;
			productName = "FirebaseStorageCombine-Community";
		};
/* End XCSwiftPackageProductDependency section */
	};
	rootObject = 3CCD1EE82B4FAC1200455054 /* Project object */;
}
